{
    "_readme": [
        "This file locks the dependencies of your project to a known state",
        "Read more about it at https://getcomposer.org/doc/01-basic-usage.md#composer-lock-the-lock-file",
        "This file is @generated automatically"
    ],
    "hash": "8538cda737510c9a11d755d86d76384d",
    "content-hash": "f70ab12bebb9af2131765d7a06775e2c",
    "packages": [
        {
            "name": "etdsolutions/jquery",
            "version": "dev-master",
            "source": {
                "type": "git",
                "url": "https://github.com/etd-framework/jquery.git",
                "reference": "82a26eeb100cc50841a6f338b08205f0988d7d48"
            },
            "dist": {
                "type": "zip",
                "url": "https://api.github.com/repos/etd-framework/jquery/zipball/82a26eeb100cc50841a6f338b08205f0988d7d48",
                "reference": "82a26eeb100cc50841a6f338b08205f0988d7d48",
                "shasum": ""
            },
            "type": "library",
            "notification-url": "https://packagist.org/downloads/",
            "license": [
                "MIT"
            ],
            "description": "Shim repository for jQuery",
            "homepage": "http://jquery.com",
            "time": "2015-09-26 08:06:27"
        },
        {
            "name": "etdsolutions/waypoints",
            "version": "4.0.0",
            "source": {
                "type": "git",
                "url": "https://github.com/etd-framework/waypoints.git",
                "reference": "615977e763ada2153eebaf25f83031448fa7ce45"
            },
            "dist": {
                "type": "zip",
                "url": "https://api.github.com/repos/etd-framework/waypoints/zipball/615977e763ada2153eebaf25f83031448fa7ce45",
                "reference": "615977e763ada2153eebaf25f83031448fa7ce45",
                "shasum": ""
            },
            "suggest": {
                "etdsolutions/jquery": "To use Waypoints as a jQuery plugin."
            },
            "type": "library",
            "notification-url": "https://packagist.org/downloads/",
            "license": [
                "MIT"
            ],
            "authors": [
                {
                    "name": "I Make Web Things"
                }
            ],
            "description": "Shim repository for Waypoints",
            "homepage": "http://imakewebthings.com/waypoints/",
            "time": "2015-10-22 13:36:42"
        },
        {
            "name": "fortawesome/font-awesome",
            "version": "v4.5.0",
            "source": {
                "type": "git",
                "url": "https://github.com/FortAwesome/Font-Awesome.git",
                "reference": "dbc8d1b9b67daaab357bcc41dbf549c3684cf5f1"
            },
            "dist": {
                "type": "zip",
                "url": "https://api.github.com/repos/FortAwesome/Font-Awesome/zipball/dbc8d1b9b67daaab357bcc41dbf549c3684cf5f1",
                "reference": "dbc8d1b9b67daaab357bcc41dbf549c3684cf5f1",
                "shasum": ""
            },
            "require-dev": {
                "jekyll": "1.0.2",
                "lessc": "1.4.2"
            },
            "type": "library",
            "extra": {
                "branch-alias": {
                    "dev-master": "4.0.x-dev"
                }
            },
            "notification-url": "https://packagist.org/downloads/",
            "license": [
                "OFL-1.1",
                "MIT"
            ],
            "authors": [
                {
                    "name": "Dave Gandy",
                    "email": "dave@fontawesome.io",
                    "homepage": "http://twitter.com/davegandy",
                    "role": "Developer"
                }
            ],
            "description": "The iconic font and CSS framework",
            "homepage": "http://fontawesome.io/",
            "keywords": [
                "FontAwesome",
                "awesome",
                "bootstrap",
                "font",
                "icon"
            ],
            "time": "2015-11-23 14:42:32"
        },
        {
            "name": "twbs/bootstrap",
            "version": "v3.3.6",
            "source": {
                "type": "git",
                "url": "https://github.com/twbs/bootstrap.git",
                "reference": "81df608a40bf0629a1dc08e584849bb1e43e0b7a"
            },
            "dist": {
                "type": "zip",
                "url": "https://api.github.com/repos/twbs/bootstrap/zipball/81df608a40bf0629a1dc08e584849bb1e43e0b7a",
                "reference": "81df608a40bf0629a1dc08e584849bb1e43e0b7a",
                "shasum": ""
            },
            "replace": {
                "twitter/bootstrap": "self.version"
            },
            "type": "library",
            "extra": {
                "branch-alias": {
                    "dev-master": "3.3.x-dev"
                }
            },
            "notification-url": "https://packagist.org/downloads/",
            "license": [
                "MIT"
            ],
            "authors": [
                {
                    "name": "Jacob Thornton",
                    "email": "jacobthornton@gmail.com"
                },
                {
                    "name": "Mark Otto",
                    "email": "markdotto@gmail.com"
                }
            ],
            "description": "The most popular front-end framework for developing responsive, mobile first projects on the web.",
            "homepage": "http://getbootstrap.com",
            "keywords": [
                "JS",
                "css",
                "framework",
                "front-end",
                "less",
                "mobile-first",
                "responsive",
                "web"
            ],
            "time": "2015-11-24 19:37:05"
        }
    ],
    "packages-dev": [],
    "aliases": [],
    "minimum-stability": "stable",
    "stability-flags": {
        "etdsolutions/jquery": 20
    },
    "prefer-stable": false,
    "prefer-lowest": false,
    "platform": [],
    "platform-dev": []
}
